// !$*UTF8*$!
{
	archiveVersion = 1;
	classes = {
	};
	objectVersion = 77;
	objects = {

/* Begin PBXBuildFile section */
		043DB25B2E891B0400859A34 /* WrappingHStack in Frameworks */ = {isa = PBXBuildFile; productRef = 043DB25A2E891B0400859A34 /* WrappingHStack */; };
		045DBC5C2E80298F006A2CFE /* FirebaseAnalytics in Frameworks */ = {isa = PBXBuildFile; productRef = 045DBC5B2E80298F006A2CFE /* FirebaseAnalytics */; };
		045DBC5E2E80298F006A2CFE /* FirebaseAuth in Frameworks */ = {isa = PBXBuildFile; productRef = 045DBC5D2E80298F006A2CFE /* FirebaseAuth */; };
		045DBC602E80298F006A2CFE /* FirebaseFirestore in Frameworks */ = {isa = PBXBuildFile; productRef = 045DBC5F2E80298F006A2CFE /* FirebaseFirestore */; };
		045DBC622E80298F006A2CFE /* FirebaseStorage in Frameworks */ = {isa = PBXBuildFile; productRef = 045DBC612E80298F006A2CFE /* FirebaseStorage */; };
		045DBD782E807A90006A2CFE /* MapboxMaps in Frameworks */ = {isa = PBXBuildFile; productRef = 045DBD772E807A90006A2CFE /* MapboxMaps */; };
		046899D92E8437BE007C62AC /* SearchBar in Frameworks */ = {isa = PBXBuildFile; productRef = 046899D82E8437BE007C62AC /* SearchBar */; };
		0494C74A2E7F1F5C00EBCB60 /* Lottie in Frameworks */ = {isa = PBXBuildFile; productRef = 0494C7492E7F1F5C00EBCB60 /* Lottie */; };
/* End PBXBuildFile section */

/* Begin PBXFileReference section */
		0494C5662E7EFE2000EBCB60 /* MemoMap.app */ = {isa = PBXFileReference; explicitFileType = wrapper.application; includeInIndex = 0; path = MemoMap.app; sourceTree = BUILT_PRODUCTS_DIR; };
/* End PBXFileReference section */

/* Begin PBXFileSystemSynchronizedBuildFileExceptionSet section */
		0494C7452E7F03B100EBCB60 /* Exceptions for "MemoMap" folder in "MemoMap" target */ = {
			isa = PBXFileSystemSynchronizedBuildFileExceptionSet;
			membershipExceptions = (
				Info.plist,
			);
			target = 0494C5652E7EFE2000EBCB60 /* MemoMap */;
		};
/* End PBXFileSystemSynchronizedBuildFileExceptionSet section */

/* Begin PBXFileSystemSynchronizedRootGroup section */
		0494C5682E7EFE2000EBCB60 /* MemoMap */ = {
			isa = PBXFileSystemSynchronizedRootGroup;
			exceptions = (
				0494C7452E7F03B100EBCB60 /* Exceptions for "MemoMap" folder in "MemoMap" target */,
			);
			path = MemoMap;
			sourceTree = "<group>";
		};
/* End PBXFileSystemSynchronizedRootGroup section */

/* Begin PBXFrameworksBuildPhase section */
		0494C5632E7EFE2000EBCB60 /* Frameworks */ = {
			isa = PBXFrameworksBuildPhase;
			buildActionMask = 2147483647;
			files = (
				045DBD782E807A90006A2CFE /* MapboxMaps in Frameworks */,
				045DBC5C2E80298F006A2CFE /* FirebaseAnalytics in Frameworks */,
				045DBC602E80298F006A2CFE /* FirebaseFirestore in Frameworks */,
				046899D92E8437BE007C62AC /* SearchBar in Frameworks */,
				043DB25B2E891B0400859A34 /* WrappingHStack in Frameworks */,
				045DBC5E2E80298F006A2CFE /* FirebaseAuth in Frameworks */,
				045DBC622E80298F006A2CFE /* FirebaseStorage in Frameworks */,
				0494C74A2E7F1F5C00EBCB60 /* Lottie in Frameworks */,
			);
			runOnlyForDeploymentPostprocessing = 0;
		};
/* End PBXFrameworksBuildPhase section */

/* Begin PBXGroup section */
		0494C55D2E7EFE2000EBCB60 = {
			isa = PBXGroup;
			children = (
				0494C5682E7EFE2000EBCB60 /* MemoMap */,
				0494C5672E7EFE2000EBCB60 /* Products */,
			);
			sourceTree = "<group>";
		};
		0494C5672E7EFE2000EBCB60 /* Products */ = {
			isa = PBXGroup;
			children = (
				0494C5662E7EFE2000EBCB60 /* MemoMap.app */,
			);
			name = Products;
			sourceTree = "<group>";
		};
/* End PBXGroup section */

/* Begin PBXNativeTarget section */
		0494C5652E7EFE2000EBCB60 /* MemoMap */ = {
			isa = PBXNativeTarget;
			buildConfigurationList = 0494C5712E7EFE2100EBCB60 /* Build configuration list for PBXNativeTarget "MemoMap" */;
			buildPhases = (
				0494C5622E7EFE2000EBCB60 /* Sources */,
				0494C5632E7EFE2000EBCB60 /* Frameworks */,
				0494C5642E7EFE2000EBCB60 /* Resources */,
			);
			buildRules = (
			);
			dependencies = (
			);
			fileSystemSynchronizedGroups = (
				0494C5682E7EFE2000EBCB60 /* MemoMap */,
			);
			name = MemoMap;
			packageProductDependencies = (
				0494C7492E7F1F5C00EBCB60 /* Lottie */,
				045DBC5B2E80298F006A2CFE /* FirebaseAnalytics */,
				045DBC5D2E80298F006A2CFE /* FirebaseAuth */,
				045DBC5F2E80298F006A2CFE /* FirebaseFirestore */,
				045DBC612E80298F006A2CFE /* FirebaseStorage */,
				045DBD772E807A90006A2CFE /* MapboxMaps */,
				046899D82E8437BE007C62AC /* SearchBar */,
				043DB25A2E891B0400859A34 /* WrappingHStack */,
			);
			productName = MemoMap;
			productReference = 0494C5662E7EFE2000EBCB60 /* MemoMap.app */;
			productType = "com.apple.product-type.application";
		};
/* End PBXNativeTarget section */

/* Begin PBXProject section */
		0494C55E2E7EFE2000EBCB60 /* Project object */ = {
			isa = PBXProject;
			attributes = {
				BuildIndependentTargetsInParallel = 1;
				LastSwiftUpdateCheck = 2600;
				LastUpgradeCheck = 2600;
				TargetAttributes = {
					0494C5652E7EFE2000EBCB60 = {
						CreatedOnToolsVersion = 26.0;
					};
				};
			};
			buildConfigurationList = 0494C5612E7EFE2000EBCB60 /* Build configuration list for PBXProject "MemoMap" */;
			developmentRegion = en;
			hasScannedForEncodings = 0;
			knownRegions = (
				en,
				Base,
			);
			mainGroup = 0494C55D2E7EFE2000EBCB60;
			minimizedProjectReferenceProxies = 1;
			packageReferences = (
				0494C7482E7F1F5C00EBCB60 /* XCRemoteSwiftPackageReference "lottie-ios" */,
				045DBC5A2E80298F006A2CFE /* XCRemoteSwiftPackageReference "firebase-ios-sdk" */,
				045DBD762E807A90006A2CFE /* XCRemoteSwiftPackageReference "mapbox-maps-ios" */,
				046899D72E8437BE007C62AC /* XCRemoteSwiftPackageReference "SearchBar" */,
				043DB2592E891B0400859A34 /* XCRemoteSwiftPackageReference "WrappingHStack" */,
			);
			preferredProjectObjectVersion = 77;
			productRefGroup = 0494C5672E7EFE2000EBCB60 /* Products */;
			projectDirPath = "";
			projectRoot = "";
			targets = (
				0494C5652E7EFE2000EBCB60 /* MemoMap */,
			);
		};
/* End PBXProject section */

/* Begin PBXResourcesBuildPhase section */
		0494C5642E7EFE2000EBCB60 /* Resources */ = {
			isa = PBXResourcesBuildPhase;
			buildActionMask = 2147483647;
			files = (
			);
			runOnlyForDeploymentPostprocessing = 0;
		};
/* End PBXResourcesBuildPhase section */

/* Begin PBXSourcesBuildPhase section */
		0494C5622E7EFE2000EBCB60 /* Sources */ = {
			isa = PBXSourcesBuildPhase;
			buildActionMask = 2147483647;
			files = (
			);
			runOnlyForDeploymentPostprocessing = 0;
		};
/* End PBXSourcesBuildPhase section */

/* Begin XCBuildConfiguration section */
		0494C56F2E7EFE2100EBCB60 /* Debug */ = {
			isa = XCBuildConfiguration;
			baseConfigurationReferenceAnchor = 0494C5682E7EFE2000EBCB60 /* MemoMap */;
			baseConfigurationReferenceRelativePath = Config.xcconfig;
			buildSettings = {
				ALWAYS_SEARCH_USER_PATHS = NO;
				ASSETCATALOG_COMPILER_GENERATE_SWIFT_ASSET_SYMBOL_EXTENSIONS = YES;
				CLANG_ANALYZER_NONNULL = YES;
				CLANG_ANALYZER_NUMBER_OBJECT_CONVERSION = YES_AGGRESSIVE;
				CLANG_CXX_LANGUAGE_STANDARD = "gnu++20";
				CLANG_ENABLE_MODULES = YES;
				CLANG_ENABLE_OBJC_ARC = YES;
				CLANG_ENABLE_OBJC_WEAK = YES;
				CLANG_WARN_BLOCK_CAPTURE_AUTORELEASING = YES;
				CLANG_WARN_BOOL_CONVERSION = YES;
				CLANG_WARN_COMMA = YES;
				CLANG_WARN_CONSTANT_CONVERSION = YES;
				CLANG_WARN_DEPRECATED_OBJC_IMPLEMENTATIONS = YES;
				CLANG_WARN_DIRECT_OBJC_ISA_USAGE = YES_ERROR;
				CLANG_WARN_DOCUMENTATION_COMMENTS = YES;
				CLANG_WARN_EMPTY_BODY = YES;
				CLANG_WARN_ENUM_CONVERSION = YES;
				CLANG_WARN_INFINITE_RECURSION = YES;
				CLANG_WARN_INT_CONVERSION = YES;
				CLANG_WARN_NON_LITERAL_NULL_CONVERSION = YES;
				CLANG_WARN_OBJC_IMPLICIT_RETAIN_SELF = YES;
				CLANG_WARN_OBJC_LITERAL_CONVERSION = YES;
				CLANG_WARN_OBJC_ROOT_CLASS = YES_ERROR;
				CLANG_WARN_QUOTED_INCLUDE_IN_FRAMEWORK_HEADER = YES;
				CLANG_WARN_RANGE_LOOP_ANALYSIS = YES;
				CLANG_WARN_STRICT_PROTOTYPES = YES;
				CLANG_WARN_SUSPICIOUS_MOVE = YES;
				CLANG_WARN_UNGUARDED_AVAILABILITY = YES_AGGRESSIVE;
				CLANG_WARN_UNREACHABLE_CODE = YES;
				CLANG_WARN__DUPLICATE_METHOD_MATCH = YES;
				COPY_PHASE_STRIP = NO;
				DEBUG_INFORMATION_FORMAT = dwarf;
				ENABLE_STRICT_OBJC_MSGSEND = YES;
				ENABLE_TESTABILITY = YES;
				ENABLE_USER_SCRIPT_SANDBOXING = YES;
				GCC_C_LANGUAGE_STANDARD = gnu17;
				GCC_DYNAMIC_NO_PIC = NO;
				GCC_NO_COMMON_BLOCKS = YES;
				GCC_OPTIMIZATION_LEVEL = 0;
				GCC_PREPROCESSOR_DEFINITIONS = (
					"DEBUG=1",
					"$(inherited)",
				);
				GCC_WARN_64_TO_32_BIT_CONVERSION = YES;
				GCC_WARN_ABOUT_RETURN_TYPE = YES_ERROR;
				GCC_WARN_UNDECLARED_SELECTOR = YES;
				GCC_WARN_UNINITIALIZED_AUTOS = YES_AGGRESSIVE;
				GCC_WARN_UNUSED_FUNCTION = YES;
				GCC_WARN_UNUSED_VARIABLE = YES;
				IPHONEOS_DEPLOYMENT_TARGET = 26.0;
				LOCALIZATION_PREFERS_STRING_CATALOGS = YES;
				MTL_ENABLE_DEBUG_INFO = INCLUDE_SOURCE;
				MTL_FAST_MATH = YES;
				ONLY_ACTIVE_ARCH = YES;
				SDKROOT = iphoneos;
				SWIFT_ACTIVE_COMPILATION_CONDITIONS = "DEBUG $(inherited)";
				SWIFT_OPTIMIZATION_LEVEL = "-Onone";
			};
			name = Debug;
		};
		0494C5702E7EFE2100EBCB60 /* Release */ = {
			isa = XCBuildConfiguration;
			baseConfigurationReferenceAnchor = 0494C5682E7EFE2000EBCB60 /* MemoMap */;
			baseConfigurationReferenceRelativePath = Config.xcconfig;
			buildSettings = {
				ALWAYS_SEARCH_USER_PATHS = NO;
				ASSETCATALOG_COMPILER_GENERATE_SWIFT_ASSET_SYMBOL_EXTENSIONS = YES;
				CLANG_ANALYZER_NONNULL = YES;
				CLANG_ANALYZER_NUMBER_OBJECT_CONVERSION = YES_AGGRESSIVE;
				CLANG_CXX_LANGUAGE_STANDARD = "gnu++20";
				CLANG_ENABLE_MODULES = YES;
				CLANG_ENABLE_OBJC_ARC = YES;
				CLANG_ENABLE_OBJC_WEAK = YES;
				CLANG_WARN_BLOCK_CAPTURE_AUTORELEASING = YES;
				CLANG_WARN_BOOL_CONVERSION = YES;
				CLANG_WARN_COMMA = YES;
				CLANG_WARN_CONSTANT_CONVERSION = YES;
				CLANG_WARN_DEPRECATED_OBJC_IMPLEMENTATIONS = YES;
				CLANG_WARN_DIRECT_OBJC_ISA_USAGE = YES_ERROR;
				CLANG_WARN_DOCUMENTATION_COMMENTS = YES;
				CLANG_WARN_EMPTY_BODY = YES;
				CLANG_WARN_ENUM_CONVERSION = YES;
				CLANG_WARN_INFINITE_RECURSION = YES;
				CLANG_WARN_INT_CONVERSION = YES;
				CLANG_WARN_NON_LITERAL_NULL_CONVERSION = YES;
				CLANG_WARN_OBJC_IMPLICIT_RETAIN_SELF = YES;
				CLANG_WARN_OBJC_LITERAL_CONVERSION = YES;
				CLANG_WARN_OBJC_ROOT_CLASS = YES_ERROR;
				CLANG_WARN_QUOTED_INCLUDE_IN_FRAMEWORK_HEADER = YES;
				CLANG_WARN_RANGE_LOOP_ANALYSIS = YES;
				CLANG_WARN_STRICT_PROTOTYPES = YES;
				CLANG_WARN_SUSPICIOUS_MOVE = YES;
				CLANG_WARN_UNGUARDED_AVAILABILITY = YES_AGGRESSIVE;
				CLANG_WARN_UNREACHABLE_CODE = YES;
				CLANG_WARN__DUPLICATE_METHOD_MATCH = YES;
				COPY_PHASE_STRIP = NO;
				DEBUG_INFORMATION_FORMAT = "dwarf-with-dsym";
				ENABLE_NS_ASSERTIONS = NO;
				ENABLE_STRICT_OBJC_MSGSEND = YES;
				ENABLE_USER_SCRIPT_SANDBOXING = YES;
				GCC_C_LANGUAGE_STANDARD = gnu17;
				GCC_NO_COMMON_BLOCKS = YES;
				GCC_WARN_64_TO_32_BIT_CONVERSION = YES;
				GCC_WARN_ABOUT_RETURN_TYPE = YES_ERROR;
				GCC_WARN_UNDECLARED_SELECTOR = YES;
				GCC_WARN_UNINITIALIZED_AUTOS = YES_AGGRESSIVE;
				GCC_WARN_UNUSED_FUNCTION = YES;
				GCC_WARN_UNUSED_VARIABLE = YES;
				IPHONEOS_DEPLOYMENT_TARGET = 26.0;
				LOCALIZATION_PREFERS_STRING_CATALOGS = YES;
				MTL_ENABLE_DEBUG_INFO = NO;
				MTL_FAST_MATH = YES;
				SDKROOT = iphoneos;
				SWIFT_COMPILATION_MODE = wholemodule;
				VALIDATE_PRODUCT = YES;
			};
			name = Release;
		};
		0494C5722E7EFE2100EBCB60 /* Debug */ = {
			isa = XCBuildConfiguration;
			baseConfigurationReferenceAnchor = 0494C5682E7EFE2000EBCB60 /* MemoMap */;
			baseConfigurationReferenceRelativePath = Config.xcconfig;
			buildSettings = {
				ASSETCATALOG_COMPILER_APPICON_NAME = AppIcon;
				ASSETCATALOG_COMPILER_GLOBAL_ACCENT_COLOR_NAME = AccentColor;
				CODE_SIGN_STYLE = Automatic;
				CURRENT_PROJECT_VERSION = 1;
				ENABLE_PREVIEWS = YES;
				GENERATE_INFOPLIST_FILE = YES;
				INFOPLIST_FILE = MemoMap/Info.plist;
				INFOPLIST_KEY_CFBundleDisplayName = MemoMap;
				INFOPLIST_KEY_LSApplicationCategoryType = "public.app-category.social-networking";
				INFOPLIST_KEY_UIApplicationSceneManifest_Generation = YES;
				INFOPLIST_KEY_UIApplicationSupportsIndirectInputEvents = YES;
				INFOPLIST_KEY_UIStatusBarHidden = YES;
				INFOPLIST_KEY_UISupportedInterfaceOrientations = "UIInterfaceOrientationPortrait UIInterfaceOrientationPortraitUpsideDown";
				LD_RUNPATH_SEARCH_PATHS = (
					"$(inherited)",
					"@executable_path/Frameworks",
				);
				MARKETING_VERSION = 0.0.1;
				PRODUCT_BUNDLE_IDENTIFIER = com.pyaesonehan.MemoMap;
				PRODUCT_NAME = "$(TARGET_NAME)";
				STRING_CATALOG_GENERATE_SYMBOLS = YES;
				SWIFT_APPROACHABLE_CONCURRENCY = YES;
				SWIFT_DEFAULT_ACTOR_ISOLATION = MainActor;
				SWIFT_EMIT_LOC_STRINGS = YES;
				SWIFT_UPCOMING_FEATURE_MEMBER_IMPORT_VISIBILITY = YES;
				SWIFT_VERSION = 5.0;
				TARGETED_DEVICE_FAMILY = "1,2";
			};
			name = Debug;
		};
		0494C5732E7EFE2100EBCB60 /* Release */ = {
			isa = XCBuildConfiguration;
			baseConfigurationReferenceAnchor = 0494C5682E7EFE2000EBCB60 /* MemoMap */;
			baseConfigurationReferenceRelativePath = Config.xcconfig;
			buildSettings = {
				ASSETCATALOG_COMPILER_APPICON_NAME = AppIcon;
				ASSETCATALOG_COMPILER_GLOBAL_ACCENT_COLOR_NAME = AccentColor;
				CODE_SIGN_STYLE = Automatic;
				CURRENT_PROJECT_VERSION = 1;
				ENABLE_PREVIEWS = YES;
				GENERATE_INFOPLIST_FILE = YES;
				INFOPLIST_FILE = MemoMap/Info.plist;
				INFOPLIST_KEY_CFBundleDisplayName = MemoMap;
				INFOPLIST_KEY_LSApplicationCategoryType = "public.app-category.social-networking";
				INFOPLIST_KEY_UIApplicationSceneManifest_Generation = YES;
				INFOPLIST_KEY_UIApplicationSupportsIndirectInputEvents = YES;
				INFOPLIST_KEY_UIStatusBarHidden = YES;
				INFOPLIST_KEY_UISupportedInterfaceOrientations = "UIInterfaceOrientationPortrait UIInterfaceOrientationPortraitUpsideDown";
				LD_RUNPATH_SEARCH_PATHS = (
					"$(inherited)",
					"@executable_path/Frameworks",
				);
				MARKETING_VERSION = 0.0.1;
				PRODUCT_BUNDLE_IDENTIFIER = com.pyaesonehan.MemoMap;
				PRODUCT_NAME = "$(TARGET_NAME)";
				STRING_CATALOG_GENERATE_SYMBOLS = YES;
				SWIFT_APPROACHABLE_CONCURRENCY = YES;
				SWIFT_DEFAULT_ACTOR_ISOLATION = MainActor;
				SWIFT_EMIT_LOC_STRINGS = YES;
				SWIFT_UPCOMING_FEATURE_MEMBER_IMPORT_VISIBILITY = YES;
				SWIFT_VERSION = 5.0;
				TARGETED_DEVICE_FAMILY = "1,2";
			};
			name = Release;
		};
/* End XCBuildConfiguration section */

/* Begin XCConfigurationList section */
		0494C5612E7EFE2000EBCB60 /* Build configuration list for PBXProject "MemoMap" */ = {
			isa = XCConfigurationList;
			buildConfigurations = (
				0494C56F2E7EFE2100EBCB60 /* Debug */,
				0494C5702E7EFE2100EBCB60 /* Release */,
			);
			defaultConfigurationIsVisible = 0;
			defaultConfigurationName = Release;
		};
		0494C5712E7EFE2100EBCB60 /* Build configuration list for PBXNativeTarget "MemoMap" */ = {
			isa = XCConfigurationList;
			buildConfigurations = (
				0494C5722E7EFE2100EBCB60 /* Debug */,
				0494C5732E7EFE2100EBCB60 /* Release */,
			);
			defaultConfigurationIsVisible = 0;
			defaultConfigurationName = Release;
		};
/* End XCConfigurationList section */

/* Begin XCRemoteSwiftPackageReference section */
		043DB2592E891B0400859A34 /* XCRemoteSwiftPackageReference "WrappingHStack" */ = {
			isa = XCRemoteSwiftPackageReference;
			repositoryURL = "https://github.com/ksemianov/WrappingHStack";
			requirement = {
				kind = upToNextMajorVersion;
				minimumVersion = 0.2.0;
			};
		};
		045DBC5A2E80298F006A2CFE /* XCRemoteSwiftPackageReference "firebase-ios-sdk" */ = {
			isa = XCRemoteSwiftPackageReference;
			repositoryURL = "https://github.com/firebase/firebase-ios-sdk";
			requirement = {
				kind = upToNextMajorVersion;
				minimumVersion = 12.3.0;
			};
		};
		045DBD762E807A90006A2CFE /* XCRemoteSwiftPackageReference "mapbox-maps-ios" */ = {
			isa = XCRemoteSwiftPackageReference;
			repositoryURL = "https://github.com/mapbox/mapbox-maps-ios.git";
			requirement = {
				kind = upToNextMajorVersion;
				minimumVersion = 11.0.0;
			};
		};
		046899D72E8437BE007C62AC /* XCRemoteSwiftPackageReference "SearchBar" */ = {
			isa = XCRemoteSwiftPackageReference;
			repositoryURL = "https://github.com/SzpakKamil/SearchBar";
			requirement = {
				kind = upToNextMajorVersion;
				minimumVersion = 2.1.4;
			};
		};
		0494C7482E7F1F5C00EBCB60 /* XCRemoteSwiftPackageReference "lottie-ios" */ = {
			isa = XCRemoteSwiftPackageReference;
			repositoryURL = "https://github.com/airbnb/lottie-ios";
			requirement = {
				kind = upToNextMajorVersion;
				minimumVersion = 4.5.0;
			};
		};
/* End XCRemoteSwiftPackageReference section */

/* Begin XCSwiftPackageProductDependency section */
		043DB25A2E891B0400859A34 /* WrappingHStack */ = {
			isa = XCSwiftPackageProductDependency;
			package = 043DB2592E891B0400859A34 /* XCRemoteSwiftPackageReference "WrappingHStack" */;
			productName = WrappingHStack;
		};
		045DBC5B2E80298F006A2CFE /* FirebaseAnalytics */ = {
			isa = XCSwiftPackageProductDependency;
			package = 045DBC5A2E80298F006A2CFE /* XCRemoteSwiftPackageReference "firebase-ios-sdk" */;
			productName = FirebaseAnalytics;
		};
		045DBC5D2E80298F006A2CFE /* FirebaseAuth */ = {
			isa = XCSwiftPackageProductDependency;
			package = 045DBC5A2E80298F006A2CFE /* XCRemoteSwiftPackageReference "firebase-ios-sdk" */;
			productName = FirebaseAuth;
		};
		045DBC5F2E80298F006A2CFE /* FirebaseFirestore */ = {
			isa = XCSwiftPackageProductDependency;
			package = 045DBC5A2E80298F006A2CFE /* XCRemoteSwiftPackageReference "firebase-ios-sdk" */;
			productName = FirebaseFirestore;
		};
		045DBC612E80298F006A2CFE /* FirebaseStorage */ = {
			isa = XCSwiftPackageProductDependency;
			package = 045DBC5A2E80298F006A2CFE /* XCRemoteSwiftPackageReference "firebase-ios-sdk" */;
			productName = FirebaseStorage;
		};
		045DBD772E807A90006A2CFE /* MapboxMaps */ = {
			isa = XCSwiftPackageProductDependency;
			package = 045DBD762E807A90006A2CFE /* XCRemoteSwiftPackageReference "mapbox-maps-ios" */;
			productName = MapboxMaps;
		};
		046899D82E8437BE007C62AC /* SearchBar */ = {
			isa = XCSwiftPackageProductDependency;
			package = 046899D72E8437BE007C62AC /* XCRemoteSwiftPackageReference "SearchBar" */;
			productName = SearchBar;
		};
		0494C7492E7F1F5C00EBCB60 /* Lottie */ = {
			isa = XCSwiftPackageProductDependency;
			package = 0494C7482E7F1F5C00EBCB60 /* XCRemoteSwiftPackageReference "lottie-ios" */;
			productName = Lottie;
		};
/* End XCSwiftPackageProductDependency section */
	};
	rootObject = 0494C55E2E7EFE2000EBCB60 /* Project object */;
}
